// !$*UTF8*$!
{
	archiveVersion = 1;
	classes = {
	};
	objectVersion = 56;
	objects = {

/* Begin PBXBuildFile section */
		7D023C1D28F343580032D900 /* DebounceDemoSwiftView.swift in Sources */ = {isa = PBXBuildFile; fileRef = 7D023C1C28F343580032D900 /* DebounceDemoSwiftView.swift */; };
		7D178CB128D2B6F700FEE9E6 /* EqualWitdhLayoutView.swift in Sources */ = {isa = PBXBuildFile; fileRef = 7D178CB028D2B6F700FEE9E6 /* EqualWitdhLayoutView.swift */; };
		7D2BFBA228D93E2000AF132B /* BackgroundBlobView.swift in Sources */ = {isa = PBXBuildFile; fileRef = 7D2BFBA128D93E2000AF132B /* BackgroundBlobView.swift */; };
		7D45EFCD28D0F00D00ABF202 /* AdaptiveLayoutsView.swift in Sources */ = {isa = PBXBuildFile; fileRef = 7D45EFCC28D0F00D00ABF202 /* AdaptiveLayoutsView.swift */; };
		7D5F6B8828D3C893000F6D2D /* FirstParticleDrawingView.swift in Sources */ = {isa = PBXBuildFile; fileRef = 7D5F6B8728D3C893000F6D2D /* FirstParticleDrawingView.swift */; };
		7D5F6B8A28D3CCCE000F6D2D /* FallingSnowView.swift in Sources */ = {isa = PBXBuildFile; fileRef = 7D5F6B8928D3CCCE000F6D2D /* FallingSnowView.swift */; };
		7D82D91F28FCB5D8005DFC7C /* DelayWorkWithView.swift in Sources */ = {isa = PBXBuildFile; fileRef = 7D82D91E28FCB5D8005DFC7C /* DelayWorkWithView.swift */; };
		7D95866C28DA219E00431C1E /* SpriteKitEffectView.swift in Sources */ = {isa = PBXBuildFile; fileRef = 7D95866B28DA219E00431C1E /* SpriteKitEffectView.swift */; };
		7D99C54A28D396BF00DF282A /* MasonryLayoutView.swift in Sources */ = {isa = PBXBuildFile; fileRef = 7D99C54928D396BF00DF282A /* MasonryLayoutView.swift */; };
		7DA3EF4A290B79ED00918FF9 /* MultipleOnAppearView.swift in Sources */ = {isa = PBXBuildFile; fileRef = 7DA3EF49290B79ED00918FF9 /* MultipleOnAppearView.swift */; };
		7DA3EF4C290B7CB900918FF9 /* AutorefreshingView.swift in Sources */ = {isa = PBXBuildFile; fileRef = 7DA3EF4B290B7CB900918FF9 /* AutorefreshingView.swift */; };
		7DA3EF4E290B805900918FF9 /* AssertAutorefreshingView.swift in Sources */ = {isa = PBXBuildFile; fileRef = 7DA3EF4D290B805900918FF9 /* AssertAutorefreshingView.swift */; };
		7DB9D0FD28D00C67009A16F1 /* SwiftUIProDemoApp.swift in Sources */ = {isa = PBXBuildFile; fileRef = 7DB9D0FC28D00C67009A16F1 /* SwiftUIProDemoApp.swift */; };
		7DB9D0FF28D00C67009A16F1 /* ContentView.swift in Sources */ = {isa = PBXBuildFile; fileRef = 7DB9D0FE28D00C67009A16F1 /* ContentView.swift */; };
		7DB9D10128D00C68009A16F1 /* Assets.xcassets in Resources */ = {isa = PBXBuildFile; fileRef = 7DB9D10028D00C68009A16F1 /* Assets.xcassets */; };
		7DB9D10428D00C68009A16F1 /* Preview Assets.xcassets in Resources */ = {isa = PBXBuildFile; fileRef = 7DB9D10328D00C68009A16F1 /* Preview Assets.xcassets */; };
		7DCDDEED290CAECE00AAC686 /* MultipleView.swift in Sources */ = {isa = PBXBuildFile; fileRef = 7DCDDEEC290CAECE00AAC686 /* MultipleView.swift */; };
		7DD7461F28D3835900F439A1 /* EqualHeightLayoutView.swift in Sources */ = {isa = PBXBuildFile; fileRef = 7DD7461E28D3835900F439A1 /* EqualHeightLayoutView.swift */; };
		7DE9286A28D8DCCA00B4A69A /* LavaEffectView.swift in Sources */ = {isa = PBXBuildFile; fileRef = 7DE9286928D8DCCA00B4A69A /* LavaEffectView.swift */; };
		7DE9286C28D8E12100B4A69A /* LabeledContentView.swift in Sources */ = {isa = PBXBuildFile; fileRef = 7DE9286B28D8E12100B4A69A /* LabeledContentView.swift */; };
/* End PBXBuildFile section */

/* Begin PBXFileReference section */
		7D023C1C28F343580032D900 /* DebounceDemoSwiftView.swift */ = {isa = PBXFileReference; lastKnownFileType = sourcecode.swift; path = DebounceDemoSwiftView.swift; sourceTree = "<group>"; };
		7D178CB028D2B6F700FEE9E6 /* EqualWitdhLayoutView.swift */ = {isa = PBXFileReference; lastKnownFileType = sourcecode.swift; path = EqualWitdhLayoutView.swift; sourceTree = "<group>"; };
		7D2BFBA128D93E2000AF132B /* BackgroundBlobView.swift */ = {isa = PBXFileReference; lastKnownFileType = sourcecode.swift; path = BackgroundBlobView.swift; sourceTree = "<group>"; };
		7D45EFCC28D0F00D00ABF202 /* AdaptiveLayoutsView.swift */ = {isa = PBXFileReference; lastKnownFileType = sourcecode.swift; path = AdaptiveLayoutsView.swift; sourceTree = "<group>"; };
		7D5F6B8728D3C893000F6D2D /* FirstParticleDrawingView.swift */ = {isa = PBXFileReference; lastKnownFileType = sourcecode.swift; path = FirstParticleDrawingView.swift; sourceTree = "<group>"; };
		7D5F6B8928D3CCCE000F6D2D /* FallingSnowView.swift */ = {isa = PBXFileReference; lastKnownFileType = sourcecode.swift; path = FallingSnowView.swift; sourceTree = "<group>"; };
		7D82D91E28FCB5D8005DFC7C /* DelayWorkWithView.swift */ = {isa = PBXFileReference; lastKnownFileType = sourcecode.swift; path = DelayWorkWithView.swift; sourceTree = "<group>"; };
		7D95866B28DA219E00431C1E /* SpriteKitEffectView.swift */ = {isa = PBXFileReference; lastKnownFileType = sourcecode.swift; path = SpriteKitEffectView.swift; sourceTree = "<group>"; };
		7D99C54928D396BF00DF282A /* MasonryLayoutView.swift */ = {isa = PBXFileReference; lastKnownFileType = sourcecode.swift; path = MasonryLayoutView.swift; sourceTree = "<group>"; };
		7DA3EF49290B79ED00918FF9 /* MultipleOnAppearView.swift */ = {isa = PBXFileReference; lastKnownFileType = sourcecode.swift; path = MultipleOnAppearView.swift; sourceTree = "<group>"; };
		7DA3EF4B290B7CB900918FF9 /* AutorefreshingView.swift */ = {isa = PBXFileReference; lastKnownFileType = sourcecode.swift; path = AutorefreshingView.swift; sourceTree = "<group>"; };
		7DA3EF4D290B805900918FF9 /* AssertAutorefreshingView.swift */ = {isa = PBXFileReference; lastKnownFileType = sourcecode.swift; path = AssertAutorefreshingView.swift; sourceTree = "<group>"; };
		7DB9D0F928D00C67009A16F1 /* SwiftUIProDemo.app */ = {isa = PBXFileReference; explicitFileType = wrapper.application; includeInIndex = 0; path = SwiftUIProDemo.app; sourceTree = BUILT_PRODUCTS_DIR; };
		7DB9D0FC28D00C67009A16F1 /* SwiftUIProDemoApp.swift */ = {isa = PBXFileReference; lastKnownFileType = sourcecode.swift; path = SwiftUIProDemoApp.swift; sourceTree = "<group>"; };
		7DB9D0FE28D00C67009A16F1 /* ContentView.swift */ = {isa = PBXFileReference; lastKnownFileType = sourcecode.swift; path = ContentView.swift; sourceTree = "<group>"; };
		7DB9D10028D00C68009A16F1 /* Assets.xcassets */ = {isa = PBXFileReference; lastKnownFileType = folder.assetcatalog; path = Assets.xcassets; sourceTree = "<group>"; };
		7DB9D10328D00C68009A16F1 /* Preview Assets.xcassets */ = {isa = PBXFileReference; lastKnownFileType = folder.assetcatalog; path = "Preview Assets.xcassets"; sourceTree = "<group>"; };
		7DCDDEEC290CAECE00AAC686 /* MultipleView.swift */ = {isa = PBXFileReference; lastKnownFileType = sourcecode.swift; path = MultipleView.swift; sourceTree = "<group>"; };
		7DD7461E28D3835900F439A1 /* EqualHeightLayoutView.swift */ = {isa = PBXFileReference; lastKnownFileType = sourcecode.swift; path = EqualHeightLayoutView.swift; sourceTree = "<group>"; };
		7DE9286928D8DCCA00B4A69A /* LavaEffectView.swift */ = {isa = PBXFileReference; lastKnownFileType = sourcecode.swift; path = LavaEffectView.swift; sourceTree = "<group>"; };
		7DE9286B28D8E12100B4A69A /* LabeledContentView.swift */ = {isa = PBXFileReference; lastKnownFileType = sourcecode.swift; path = LabeledContentView.swift; sourceTree = "<group>"; };
/* End PBXFileReference section */

/* Begin PBXFrameworksBuildPhase section */
		7DB9D0F628D00C67009A16F1 /* Frameworks */ = {
			isa = PBXFrameworksBuildPhase;
			buildActionMask = 2147483647;
			files = (
			);
			runOnlyForDeploymentPostprocessing = 0;
		};
/* End PBXFrameworksBuildPhase section */

/* Begin PBXGroup section */
		7DB9D0F028D00C67009A16F1 = {
			isa = PBXGroup;
			children = (
				7DB9D0FB28D00C67009A16F1 /* SwiftUIProDemo */,
				7DB9D0FA28D00C67009A16F1 /* Products */,
			);
			sourceTree = "<group>";
		};
		7DB9D0FA28D00C67009A16F1 /* Products */ = {
			isa = PBXGroup;
			children = (
				7DB9D0F928D00C67009A16F1 /* SwiftUIProDemo.app */,
			);
			name = Products;
			sourceTree = "<group>";
		};
		7DB9D0FB28D00C67009A16F1 /* SwiftUIProDemo */ = {
			isa = PBXGroup;
			children = (
				7DB9D0FC28D00C67009A16F1 /* SwiftUIProDemoApp.swift */,
				7DB9D0FE28D00C67009A16F1 /* ContentView.swift */,
				7DB9D10028D00C68009A16F1 /* Assets.xcassets */,
				7DB9D10228D00C68009A16F1 /* Preview Content */,
				7D45EFCC28D0F00D00ABF202 /* AdaptiveLayoutsView.swift */,
				7D178CB028D2B6F700FEE9E6 /* EqualWitdhLayoutView.swift */,
				7DD7461E28D3835900F439A1 /* EqualHeightLayoutView.swift */,
				7D99C54928D396BF00DF282A /* MasonryLayoutView.swift */,
				7D5F6B8728D3C893000F6D2D /* FirstParticleDrawingView.swift */,
				7D5F6B8928D3CCCE000F6D2D /* FallingSnowView.swift */,
				7DE9286928D8DCCA00B4A69A /* LavaEffectView.swift */,
				7DE9286B28D8E12100B4A69A /* LabeledContentView.swift */,
				7D2BFBA128D93E2000AF132B /* BackgroundBlobView.swift */,
				7D95866B28DA219E00431C1E /* SpriteKitEffectView.swift */,
				7D023C1C28F343580032D900 /* DebounceDemoSwiftView.swift */,
				7D82D91E28FCB5D8005DFC7C /* DelayWorkWithView.swift */,
				7DA3EF49290B79ED00918FF9 /* MultipleOnAppearView.swift */,
				7DA3EF4B290B7CB900918FF9 /* AutorefreshingView.swift */,
				7DA3EF4D290B805900918FF9 /* AssertAutorefreshingView.swift */,
				7DCDDEEC290CAECE00AAC686 /* MultipleView.swift */,
			);
			path = SwiftUIProDemo;
			sourceTree = "<group>";
		};
		7DB9D10228D00C68009A16F1 /* Preview Content */ = {
			isa = PBXGroup;
			children = (
				7DB9D10328D00C68009A16F1 /* Preview Assets.xcassets */,
			);
			path = "Preview Content";
			sourceTree = "<group>";
		};
/* End PBXGroup section */

/* Begin PBXNativeTarget section */
		7DB9D0F828D00C67009A16F1 /* SwiftUIProDemo */ = {
			isa = PBXNativeTarget;
			buildConfigurationList = 7DB9D10728D00C68009A16F1 /* Build configuration list for PBXNativeTarget "SwiftUIProDemo" */;
			buildPhases = (
				7DB9D0F528D00C67009A16F1 /* Sources */,
				7DB9D0F628D00C67009A16F1 /* Frameworks */,
				7DB9D0F728D00C67009A16F1 /* Resources */,
			);
			buildRules = (
			);
			dependencies = (
			);
			name = SwiftUIProDemo;
			productName = SwiftUIProDemo;
			productReference = 7DB9D0F928D00C67009A16F1 /* SwiftUIProDemo.app */;
			productType = "com.apple.product-type.application";
		};
/* End PBXNativeTarget section */

/* Begin PBXProject section */
		7DB9D0F128D00C67009A16F1 /* Project object */ = {
			isa = PBXProject;
			attributes = {
				BuildIndependentTargetsInParallel = 1;
				LastSwiftUpdateCheck = 1400;
				LastUpgradeCheck = 1400;
				TargetAttributes = {
					7DB9D0F828D00C67009A16F1 = {
						CreatedOnToolsVersion = 14.0;
					};
				};
			};
			buildConfigurationList = 7DB9D0F428D00C67009A16F1 /* Build configuration list for PBXProject "SwiftUIProDemo" */;
			compatibilityVersion = "Xcode 14.0";
			developmentRegion = en;
			hasScannedForEncodings = 0;
			knownRegions = (
				en,
				Base,
			);
			mainGroup = 7DB9D0F028D00C67009A16F1;
			productRefGroup = 7DB9D0FA28D00C67009A16F1 /* Products */;
			projectDirPath = "";
			projectRoot = "";
			targets = (
				7DB9D0F828D00C67009A16F1 /* SwiftUIProDemo */,
			);
		};
/* End PBXProject section */

/* Begin PBXResourcesBuildPhase section */
		7DB9D0F728D00C67009A16F1 /* Resources */ = {
			isa = PBXResourcesBuildPhase;
			buildActionMask = 2147483647;
			files = (
				7DB9D10428D00C68009A16F1 /* Preview Assets.xcassets in Resources */,
				7DB9D10128D00C68009A16F1 /* Assets.xcassets in Resources */,
			);
			runOnlyForDeploymentPostprocessing = 0;
		};
/* End PBXResourcesBuildPhase section */

/* Begin PBXSourcesBuildPhase section */
		7DB9D0F528D00C67009A16F1 /* Sources */ = {
			isa = PBXSourcesBuildPhase;
			buildActionMask = 2147483647;
			files = (
				7DA3EF4A290B79ED00918FF9 /* MultipleOnAppearView.swift in Sources */,
				7DE9286C28D8E12100B4A69A /* LabeledContentView.swift in Sources */,
				7D45EFCD28D0F00D00ABF202 /* AdaptiveLayoutsView.swift in Sources */,
				7DD7461F28D3835900F439A1 /* EqualHeightLayoutView.swift in Sources */,
				7D82D91F28FCB5D8005DFC7C /* DelayWorkWithView.swift in Sources */,
				7D99C54A28D396BF00DF282A /* MasonryLayoutView.swift in Sources */,
				7D5F6B8828D3C893000F6D2D /* FirstParticleDrawingView.swift in Sources */,
				7DE9286A28D8DCCA00B4A69A /* LavaEffectView.swift in Sources */,
				7DA3EF4E290B805900918FF9 /* AssertAutorefreshingView.swift in Sources */,
				7DB9D0FF28D00C67009A16F1 /* ContentView.swift in Sources */,
				7D95866C28DA219E00431C1E /* SpriteKitEffectView.swift in Sources */,
				7D178CB128D2B6F700FEE9E6 /* EqualWitdhLayoutView.swift in Sources */,
				7D2BFBA228D93E2000AF132B /* BackgroundBlobView.swift in Sources */,
				7DB9D0FD28D00C67009A16F1 /* SwiftUIProDemoApp.swift in Sources */,
				7DCDDEED290CAECE00AAC686 /* MultipleView.swift in Sources */,
				7D023C1D28F343580032D900 /* DebounceDemoSwiftView.swift in Sources */,
				7DA3EF4C290B7CB900918FF9 /* AutorefreshingView.swift in Sources */,
				7D5F6B8A28D3CCCE000F6D2D /* FallingSnowView.swift in Sources */,
			);
			runOnlyForDeploymentPostprocessing = 0;
		};
/* End PBXSourcesBuildPhase section */

/* Begin XCBuildConfiguration section */
		7DB9D10528D00C68009A16F1 /* Debug */ = {
			isa = XCBuildConfiguration;
			buildSettings = {
				ALWAYS_SEARCH_USER_PATHS = NO;
				CLANG_ANALYZER_NONNULL = YES;
				CLANG_ANALYZER_NUMBER_OBJECT_CONVERSION = YES_AGGRESSIVE;
				CLANG_CXX_LANGUAGE_STANDARD = "gnu++20";
				CLANG_ENABLE_MODULES = YES;
				CLANG_ENABLE_OBJC_ARC = YES;
				CLANG_ENABLE_OBJC_WEAK = YES;
				CLANG_WARN_BLOCK_CAPTURE_AUTORELEASING = YES;
				CLANG_WARN_BOOL_CONVERSION = YES;
				CLANG_WARN_COMMA = YES;
				CLANG_WARN_CONSTANT_CONVERSION = YES;
				CLANG_WARN_DEPRECATED_OBJC_IMPLEMENTATIONS = YES;
				CLANG_WARN_DIRECT_OBJC_ISA_USAGE = YES_ERROR;
				CLANG_WARN_DOCUMENTATION_COMMENTS = YES;
				CLANG_WARN_EMPTY_BODY = YES;
				CLANG_WARN_ENUM_CONVERSION = YES;
				CLANG_WARN_INFINITE_RECURSION = YES;
				CLANG_WARN_INT_CONVERSION = YES;
				CLANG_WARN_NON_LITERAL_NULL_CONVERSION = YES;
				CLANG_WARN_OBJC_IMPLICIT_RETAIN_SELF = YES;
				CLANG_WARN_OBJC_LITERAL_CONVERSION = YES;
				CLANG_WARN_OBJC_ROOT_CLASS = YES_ERROR;
				CLANG_WARN_QUOTED_INCLUDE_IN_FRAMEWORK_HEADER = YES;
				CLANG_WARN_RANGE_LOOP_ANALYSIS = YES;
				CLANG_WARN_STRICT_PROTOTYPES = YES;
				CLANG_WARN_SUSPICIOUS_MOVE = YES;
				CLANG_WARN_UNGUARDED_AVAILABILITY = YES_AGGRESSIVE;
				CLANG_WARN_UNREACHABLE_CODE = YES;
				CLANG_WARN__DUPLICATE_METHOD_MATCH = YES;
				COPY_PHASE_STRIP = NO;
				DEBUG_INFORMATION_FORMAT = dwarf;
				ENABLE_STRICT_OBJC_MSGSEND = YES;
				ENABLE_TESTABILITY = YES;
				GCC_C_LANGUAGE_STANDARD = gnu11;
				GCC_DYNAMIC_NO_PIC = NO;
				GCC_NO_COMMON_BLOCKS = YES;
				GCC_OPTIMIZATION_LEVEL = 0;
				GCC_PREPROCESSOR_DEFINITIONS = (
					"DEBUG=1",
					"$(inherited)",
				);
				GCC_WARN_64_TO_32_BIT_CONVERSION = YES;
				GCC_WARN_ABOUT_RETURN_TYPE = YES_ERROR;
				GCC_WARN_UNDECLARED_SELECTOR = YES;
				GCC_WARN_UNINITIALIZED_AUTOS = YES_AGGRESSIVE;
				GCC_WARN_UNUSED_FUNCTION = YES;
				GCC_WARN_UNUSED_VARIABLE = YES;
				IPHONEOS_DEPLOYMENT_TARGET = 16.0;
				MTL_ENABLE_DEBUG_INFO = INCLUDE_SOURCE;
				MTL_FAST_MATH = YES;
				ONLY_ACTIVE_ARCH = YES;
				SDKROOT = iphoneos;
				SWIFT_ACTIVE_COMPILATION_CONDITIONS = DEBUG;
				SWIFT_OPTIMIZATION_LEVEL = "-Onone";
			};
			name = Debug;
		};
		7DB9D10628D00C68009A16F1 /* Release */ = {
			isa = XCBuildConfiguration;
			buildSettings = {
				ALWAYS_SEARCH_USER_PATHS = NO;
				CLANG_ANALYZER_NONNULL = YES;
				CLANG_ANALYZER_NUMBER_OBJECT_CONVERSION = YES_AGGRESSIVE;
				CLANG_CXX_LANGUAGE_STANDARD = "gnu++20";
				CLANG_ENABLE_MODULES = YES;
				CLANG_ENABLE_OBJC_ARC = YES;
				CLANG_ENABLE_OBJC_WEAK = YES;
				CLANG_WARN_BLOCK_CAPTURE_AUTORELEASING = YES;
				CLANG_WARN_BOOL_CONVERSION = YES;
				CLANG_WARN_COMMA = YES;
				CLANG_WARN_CONSTANT_CONVERSION = YES;
				CLANG_WARN_DEPRECATED_OBJC_IMPLEMENTATIONS = YES;
				CLANG_WARN_DIRECT_OBJC_ISA_USAGE = YES_ERROR;
				CLANG_WARN_DOCUMENTATION_COMMENTS = YES;
				CLANG_WARN_EMPTY_BODY = YES;
				CLANG_WARN_ENUM_CONVERSION = YES;
				CLANG_WARN_INFINITE_RECURSION = YES;
				CLANG_WARN_INT_CONVERSION = YES;
				CLANG_WARN_NON_LITERAL_NULL_CONVERSION = YES;
				CLANG_WARN_OBJC_IMPLICIT_RETAIN_SELF = YES;
				CLANG_WARN_OBJC_LITERAL_CONVERSION = YES;
				CLANG_WARN_OBJC_ROOT_CLASS = YES_ERROR;
				CLANG_WARN_QUOTED_INCLUDE_IN_FRAMEWORK_HEADER = YES;
				CLANG_WARN_RANGE_LOOP_ANALYSIS = YES;
				CLANG_WARN_STRICT_PROTOTYPES = YES;
				CLANG_WARN_SUSPICIOUS_MOVE = YES;
				CLANG_WARN_UNGUARDED_AVAILABILITY = YES_AGGRESSIVE;
				CLANG_WARN_UNREACHABLE_CODE = YES;
				CLANG_WARN__DUPLICATE_METHOD_MATCH = YES;
				COPY_PHASE_STRIP = NO;
				DEBUG_INFORMATION_FORMAT = "dwarf-with-dsym";
				ENABLE_NS_ASSERTIONS = NO;
				ENABLE_STRICT_OBJC_MSGSEND = YES;
				GCC_C_LANGUAGE_STANDARD = gnu11;
				GCC_NO_COMMON_BLOCKS = YES;
				GCC_WARN_64_TO_32_BIT_CONVERSION = YES;
				GCC_WARN_ABOUT_RETURN_TYPE = YES_ERROR;
				GCC_WARN_UNDECLARED_SELECTOR = YES;
				GCC_WARN_UNINITIALIZED_AUTOS = YES_AGGRESSIVE;
				GCC_WARN_UNUSED_FUNCTION = YES;
				GCC_WARN_UNUSED_VARIABLE = YES;
				IPHONEOS_DEPLOYMENT_TARGET = 16.0;
				MTL_ENABLE_DEBUG_INFO = NO;
				MTL_FAST_MATH = YES;
				SDKROOT = iphoneos;
				SWIFT_COMPILATION_MODE = wholemodule;
				SWIFT_OPTIMIZATION_LEVEL = "-O";
				VALIDATE_PRODUCT = YES;
			};
			name = Release;
		};
		7DB9D10828D00C68009A16F1 /* Debug */ = {
			isa = XCBuildConfiguration;
			buildSettings = {
				ASSETCATALOG_COMPILER_APPICON_NAME = AppIcon;
				ASSETCATALOG_COMPILER_GLOBAL_ACCENT_COLOR_NAME = AccentColor;
				CODE_SIGN_STYLE = Automatic;
				CURRENT_PROJECT_VERSION = 1;
				DEVELOPMENT_ASSET_PATHS = "\"SwiftUIProDemo/Preview Content\"";
				DEVELOPMENT_TEAM = W9BTGP7CTA;
				ENABLE_PREVIEWS = YES;
				GENERATE_INFOPLIST_FILE = YES;
				INFOPLIST_KEY_UIApplicationSceneManifest_Generation = YES;
				INFOPLIST_KEY_UIApplicationSupportsIndirectInputEvents = YES;
				INFOPLIST_KEY_UILaunchScreen_Generation = YES;
				INFOPLIST_KEY_UISupportedInterfaceOrientations_iPad = "UIInterfaceOrientationPortrait UIInterfaceOrientationPortraitUpsideDown UIInterfaceOrientationLandscapeLeft UIInterfaceOrientationLandscapeRight";
				INFOPLIST_KEY_UISupportedInterfaceOrientations_iPhone = "UIInterfaceOrientationPortrait UIInterfaceOrientationLandscapeLeft UIInterfaceOrientationLandscapeRight";
				LD_RUNPATH_SEARCH_PATHS = (
					"$(inherited)",
					"@executable_path/Frameworks",
				);
				MARKETING_VERSION = 1.0;
				PRODUCT_BUNDLE_IDENTIFIER = com.joulessoft.SwiftUIProDemo;
				PRODUCT_NAME = "$(TARGET_NAME)";
				SWIFT_EMIT_LOC_STRINGS = YES;
				SWIFT_VERSION = 5.0;
				TARGETED_DEVICE_FAMILY = "1,2";
			};
			name = Debug;
		};
		7DB9D10928D00C68009A16F1 /* Release */ = {
			isa = XCBuildConfiguration;
			buildSettings = {
				ASSETCATALOG_COMPILER_APPICON_NAME = AppIcon;
				ASSETCATALOG_COMPILER_GLOBAL_ACCENT_COLOR_NAME = AccentColor;
				CODE_SIGN_STYLE = Automatic;
				CURRENT_PROJECT_VERSION = 1;
				DEVELOPMENT_ASSET_PATHS = "\"SwiftUIProDemo/Preview Content\"";
				DEVELOPMENT_TEAM = W9BTGP7CTA;
				ENABLE_PREVIEWS = YES;
				GENERATE_INFOPLIST_FILE = YES;
				INFOPLIST_KEY_UIApplicationSceneManifest_Generation = YES;
				INFOPLIST_KEY_UIApplicationSupportsIndirectInputEvents = YES;
				INFOPLIST_KEY_UILaunchScreen_Generation = YES;
				INFOPLIST_KEY_UISupportedInterfaceOrientations_iPad = "UIInterfaceOrientationPortrait UIInterfaceOrientationPortraitUpsideDown UIInterfaceOrientationLandscapeLeft UIInterfaceOrientationLandscapeRight";
				INFOPLIST_KEY_UISupportedInterfaceOrientations_iPhone = "UIInterfaceOrientationPortrait UIInterfaceOrientationLandscapeLeft UIInterfaceOrientationLandscapeRight";
				LD_RUNPATH_SEARCH_PATHS = (
					"$(inherited)",
					"@executable_path/Frameworks",
				);
				MARKETING_VERSION = 1.0;
				PRODUCT_BUNDLE_IDENTIFIER = com.joulessoft.SwiftUIProDemo;
				PRODUCT_NAME = "$(TARGET_NAME)";
				SWIFT_EMIT_LOC_STRINGS = YES;
				SWIFT_VERSION = 5.0;
				TARGETED_DEVICE_FAMILY = "1,2";
			};
			name = Release;
		};
/* End XCBuildConfiguration section */

/* Begin XCConfigurationList section */
		7DB9D0F428D00C67009A16F1 /* Build configuration list for PBXProject "SwiftUIProDemo" */ = {
			isa = XCConfigurationList;
			buildConfigurations = (
				7DB9D10528D00C68009A16F1 /* Debug */,
				7DB9D10628D00C68009A16F1 /* Release */,
			);
			defaultConfigurationIsVisible = 0;
			defaultConfigurationName = Release;
		};
		7DB9D10728D00C68009A16F1 /* Build configuration list for PBXNativeTarget "SwiftUIProDemo" */ = {
			isa = XCConfigurationList;
			buildConfigurations = (
				7DB9D10828D00C68009A16F1 /* Debug */,
				7DB9D10928D00C68009A16F1 /* Release */,
			);
			defaultConfigurationIsVisible = 0;
			defaultConfigurationName = Release;
		};
/* End XCConfigurationList section */
	};
	rootObject = 7DB9D0F128D00C67009A16F1 /* Project object */;
}
